{
  "nodes": {
    "darwin": {
      "inputs": {
        "nixpkgs": [
          "unstable"
        ]
      },
      "locked": {
        "lastModified": 1673295039,
        "narHash": "sha256-AsdYgE8/GPwcelGgrntlijMg4t3hLFJFCRF3tL5WVjA=",
        "owner": "LnL7",
        "repo": "nix-darwin",
        "rev": "87b9d090ad39b25b2400029c64825fc2a8868943",
        "type": "github"
      },
      "original": {
        "owner": "LnL7",
        "ref": "master",
        "repo": "nix-darwin",
        "type": "github"
      }
    },
    "flake-utils": {
      "locked": {
        "lastModified": 1667395993,
        "narHash": "sha256-nuEHfE/LcWyuSWnS8t12N1wc105Qtau+/OdUAjtQ0rA=",
        "owner": "numtide",
        "repo": "flake-utils",
        "rev": "5aed5285a952e0b949eb3ba02c12fa4fcfef535f",
        "type": "github"
      },
      "original": {
        "owner": "numtide",
        "repo": "flake-utils",
        "type": "github"
      }
    },
    "flake-utils_2": {
      "locked": {
        "lastModified": 1659877975,
        "narHash": "sha256-zllb8aq3YO3h8B/U0/J1WBgAL8EX5yWf5pMj3G0NAmc=",
        "owner": "numtide",
        "repo": "flake-utils",
        "rev": "c0e246b9b83f637f4681389ecabcb2681b4f3af0",
        "type": "github"
      },
      "original": {
        "owner": "numtide",
        "repo": "flake-utils",
        "type": "github"
      }
    },
    "home-manager": {
      "inputs": {
        "nixpkgs": [
          "unstable"
        ],
        "utils": "utils"
      },
      "locked": {
        "lastModified": 1673948101,
        "narHash": "sha256-cD0OzFfnLFeeaz4jVszH9QiMTn+PBxmcYzrp+xujpwM=",
        "owner": "nix-community",
        "repo": "home-manager",
        "rev": "bd3efacb82c721edad1ce9eda583df5fb62ab00a",
        "type": "github"
      },
      "original": {
        "owner": "nix-community",
        "repo": "home-manager",
        "type": "github"
      }
    },
    "nixpkgs": {
      "locked": {
        "lastModified": 1673606088,
        "narHash": "sha256-wdYD41UwNwPhTdMaG0AIe7fE1bAdyHe6bB4HLUqUvck=",
        "owner": "NixOS",
        "repo": "nixpkgs",
        "rev": "37b97ae3dd714de9a17923d004a2c5b5543dfa6d",
        "type": "github"
      },
      "original": {
        "id": "nixpkgs",
        "type": "indirect"
      }
    },
    "pkgs-wuz": {
      "inputs": {
        "flake-utils": "flake-utils",
        "nixpkgs": [
          "unstable"
        ],
        "rust-nightly": "rust-nightly"
      },
      "locked": {
        "lastModified": 1,
        "narHash": "sha256-TNJFXThiV4/G/Erw3fYHDJP9GdPE6CUjIylnHY1+3mw=",
        "path": "/nix/store/sjrwdi6i4cg4p5nr6s6x8ywj53zy64pw-source/pkgs-wuz",
        "type": "path"
      },
      "original": {
        "path": "/nix/store/sjrwdi6i4cg4p5nr6s6x8ywj53zy64pw-source/pkgs-wuz",
        "type": "path"
      }
    },
    "root": {
      "inputs": {
        "darwin": "darwin",
        "home-manager": "home-manager",
        "nixpkgs": "nixpkgs",
        "pkgs-wuz": "pkgs-wuz",
        "unstable": "unstable"
      }
    },
    "rust-nightly": {
      "inputs": {
        "flake-utils": "flake-utils_2",
        "nixpkgs": [
          "pkgs-wuz",
          "nixpkgs"
        ]
      },
      "locked": {
        "lastModified": 1673922364,
        "narHash": "sha256-U0XIY/Y/x4fFtlCZKMtWlqOYUnLiXj4F42GQHxWuPow=",
        "owner": "oxalica",
        "repo": "rust-overlay",
        "rev": "4e0f9b8a5102387f8d19901bced16a256a6ccdc7",
        "type": "github"
      },
      "original": {
        "owner": "oxalica",
        "repo": "rust-overlay",
        "type": "github"
      }
    },
    "unstable": {
      "locked": {
        "lastModified": 1673972394,
        "narHash": "sha256-DZDS0PX6iZVYi+juOpkCcZxlIzht341JX6a+PiCc0fA=",
        "owner": "nixos",
        "repo": "nixpkgs",
        "rev": "f851f25ba8185d4878562c7edfaf43dba41a6e66",
        "type": "github"
      },
      "original": {
        "owner": "nixos",
        "ref": "master",
        "repo": "nixpkgs",
        "type": "github"
      }
    },
    "utils": {
      "locked": {
        "lastModified": 1667395993,
        "narHash": "sha256-nuEHfE/LcWyuSWnS8t12N1wc105Qtau+/OdUAjtQ0rA=",
        "owner": "numtide",
        "repo": "flake-utils",
        "rev": "5aed5285a952e0b949eb3ba02c12fa4fcfef535f",
        "type": "github"
      },
      "original": {
        "owner": "numtide",
        "repo": "flake-utils",
        "type": "github"
      }
    }
  },
  "root": "root",
  "version": 7
}
